
Microsoft Visual Studio Solution File, Format Version 12.00
# Visual Studio Version 16
VisualStudioVersion = 16.0.31624.102
MinimumVisualStudioVersion = 10.0.40219.1
Project("{FAE04EC0-301F-11D3-BF4B-00C04F79EFBC}") = "OpeningWeekend", "OpeningWeekend\OpeningWeekend.csproj", "{4B5ECEBF-7637-41D8-A753-34AE91C0A93C}"
EndProject
Global
	GlobalSection(SolutionConfigurationPlatforms) = preSolution
		Debug|Any CPU = Debug|Any CPU
		Release|Any CPU = Release|Any CPU
	EndGlobalSection
	GlobalSection(ProjectConfigurationPlatforms) = postSolution
		{4B5ECEBF-7637-41D8-A753-34AE91C0A93C}.Debug|Any CPU.ActiveCfg = Debug|Any CPU
		{4B5ECEBF-7637-41D8-A753-34AE91C0A93C}.Debug|Any CPU.Build.0 = Debug|Any CPU
		{4B5ECEBF-7637-41D8-A753-34AE91C0A93C}.Release|Any CPU.ActiveCfg = Release|Any CPU
		{4B5ECEBF-7637-41D8-A753-34AE91C0A93C}.Release|Any CPU.Build.0 = Release|Any CPU
	EndGlobalSection
	GlobalSection(SolutionProperties) = preSolution
		HideSolutionNode = FALSE
	EndGlobalSection
	GlobalSection(ExtensibilityGlobals) = postSolution
		SolutionGuid = {66EC76F2-2FF2-480F-A18A-C9271F28E83D}
	EndGlobalSection
EndGlobal
